
Microsoft Visual Studio Solution File, Format Version 12.00
# Visual Studio Version 17
VisualStudioVersion = 17.14.36705.20
MinimumVisualStudioVersion = 10.0.40219.1
Project("{FAE04EC0-301F-11D3-BF4B-00C04F79EFBC}") = "DefianceBackendAPI", "DefianceBackendAPI\DefianceBackendAPI.csproj", "{210C8B3E-9F96-4838-B462-6534DA39D423}"
EndProject
Project("{FAE04EC0-301F-11D3-BF4B-00C04F79EFBC}") = "DefianceFrontend", "DefianceFrontend\DefianceFrontend\DefianceFrontend.csproj", "{C082DB98-3F20-4F85-89CA-E48C16298575}"
EndProject
Project("{FAE04EC0-301F-11D3-BF4B-00C04F79EFBC}") = "DefianceFrontend.Client", "DefianceFrontend\DefianceFrontend.Client\DefianceFrontend.Client.csproj", "{18234C36-E717-46AE-B096-0133B1C3DB78}"
EndProject
Project("{FAE04EC0-301F-11D3-BF4B-00C04F79EFBC}") = "ModImporter.CLI", "ModImporter.CLI\ModImporter.CLI.csproj", "{4A533AF0-A388-4022-B418-DE088C58A94E}"
EndProject
Project("{FAE04EC0-301F-11D3-BF4B-00C04F79EFBC}") = "ModImporter", "ModImporter\ModImporter.csproj", "{853742DF-3C78-4893-8777-649B7CE0639F}"
EndProject
Global
	GlobalSection(SolutionConfigurationPlatforms) = preSolution
		Debug|Any CPU = Debug|Any CPU
		Release|Any CPU = Release|Any CPU
	EndGlobalSection
	GlobalSection(ProjectConfigurationPlatforms) = postSolution
		{210C8B3E-9F96-4838-B462-6534DA39D423}.Debug|Any CPU.ActiveCfg = Debug|Any CPU
		{210C8B3E-9F96-4838-B462-6534DA39D423}.Debug|Any CPU.Build.0 = Debug|Any CPU
		{210C8B3E-9F96-4838-B462-6534DA39D423}.Release|Any CPU.ActiveCfg = Release|Any CPU
		{210C8B3E-9F96-4838-B462-6534DA39D423}.Release|Any CPU.Build.0 = Release|Any CPU
		{C082DB98-3F20-4F85-89CA-E48C16298575}.Debug|Any CPU.ActiveCfg = Debug|Any CPU
		{C082DB98-3F20-4F85-89CA-E48C16298575}.Debug|Any CPU.Build.0 = Debug|Any CPU
		{C082DB98-3F20-4F85-89CA-E48C16298575}.Release|Any CPU.ActiveCfg = Release|Any CPU
		{C082DB98-3F20-4F85-89CA-E48C16298575}.Release|Any CPU.Build.0 = Release|Any CPU
		{18234C36-E717-46AE-B096-0133B1C3DB78}.Debug|Any CPU.ActiveCfg = Debug|Any CPU
		{18234C36-E717-46AE-B096-0133B1C3DB78}.Debug|Any CPU.Build.0 = Debug|Any CPU
		{18234C36-E717-46AE-B096-0133B1C3DB78}.Release|Any CPU.ActiveCfg = Release|Any CPU
		{18234C36-E717-46AE-B096-0133B1C3DB78}.Release|Any CPU.Build.0 = Release|Any CPU
		{4A533AF0-A388-4022-B418-DE088C58A94E}.Debug|Any CPU.ActiveCfg = Debug|Any CPU
		{4A533AF0-A388-4022-B418-DE088C58A94E}.Debug|Any CPU.Build.0 = Debug|Any CPU
		{4A533AF0-A388-4022-B418-DE088C58A94E}.Release|Any CPU.ActiveCfg = Release|Any CPU
		{4A533AF0-A388-4022-B418-DE088C58A94E}.Release|Any CPU.Build.0 = Release|Any CPU
		{853742DF-3C78-4893-8777-649B7CE0639F}.Debug|Any CPU.ActiveCfg = Debug|Any CPU
		{853742DF-3C78-4893-8777-649B7CE0639F}.Debug|Any CPU.Build.0 = Debug|Any CPU
		{853742DF-3C78-4893-8777-649B7CE0639F}.Release|Any CPU.ActiveCfg = Release|Any CPU
		{853742DF-3C78-4893-8777-649B7CE0639F}.Release|Any CPU.Build.0 = Release|Any CPU
	EndGlobalSection
	GlobalSection(SolutionProperties) = preSolution
		HideSolutionNode = FALSE
	EndGlobalSection
	GlobalSection(ExtensibilityGlobals) = postSolution
		SolutionGuid = {561952C5-180C-4F9B-A328-4B3A9AA6734D}
	EndGlobalSection
EndGlobal
